
Microsoft Visual Studio Solution File, Format Version 12.00
# Visual Studio Version 17
VisualStudioVersion = 17.3.32819.101
MinimumVisualStudioVersion = 10.0.40219.1
Project("{FAE04EC0-301F-11D3-BF4B-00C04F79EFBC}") = "HolaMundo", "HolaMundo\HolaMundo.csproj", "{23FC1A8A-94A2-4888-BA99-9C5E60E5E17D}"
EndProject
Global
	GlobalSection(SolutionConfigurationPlatforms) = preSolution
		Debug|Any CPU = Debug|Any CPU
		Release|Any CPU = Release|Any CPU
	EndGlobalSection
	GlobalSection(ProjectConfigurationPlatforms) = postSolution
		{23FC1A8A-94A2-4888-BA99-9C5E60E5E17D}.Debug|Any CPU.ActiveCfg = Debug|Any CPU
		{23FC1A8A-94A2-4888-BA99-9C5E60E5E17D}.Debug|Any CPU.Build.0 = Debug|Any CPU
		{23FC1A8A-94A2-4888-BA99-9C5E60E5E17D}.Release|Any CPU.ActiveCfg = Release|Any CPU
		{23FC1A8A-94A2-4888-BA99-9C5E60E5E17D}.Release|Any CPU.Build.0 = Release|Any CPU
	EndGlobalSection
	GlobalSection(SolutionProperties) = preSolution
		HideSolutionNode = FALSE
	EndGlobalSection
	GlobalSection(ExtensibilityGlobals) = postSolution
		SolutionGuid = {DE88A7A2-8542-4E19-B22A-D8B54F79B718}
	EndGlobalSection
EndGlobal
