
Microsoft Visual Studio Solution File, Format Version 12.00
# Visual Studio Version 17
VisualStudioVersion = 17.3.32819.101
MinimumVisualStudioVersion = 10.0.40219.1
Project("{FAE04EC0-301F-11D3-BF4B-00C04F79EFBC}") = "Tarea 4.1", "Tarea 4.1\Tarea 4.1.csproj", "{AB33EE36-86A7-4249-942A-B4B7BBCCFE56}"
EndProject
Project("{FAE04EC0-301F-11D3-BF4B-00C04F79EFBC}") = "Tarea 4.2", "Tarea 4.2\Tarea 4.2.csproj", "{E409AEE5-B3E7-4B0F-AEA7-AE27E8034D37}"
EndProject
Global
	GlobalSection(SolutionConfigurationPlatforms) = preSolution
		Debug|Any CPU = Debug|Any CPU
		Release|Any CPU = Release|Any CPU
	EndGlobalSection
	GlobalSection(ProjectConfigurationPlatforms) = postSolution
		{AB33EE36-86A7-4249-942A-B4B7BBCCFE56}.Debug|Any CPU.ActiveCfg = Debug|Any CPU
		{AB33EE36-86A7-4249-942A-B4B7BBCCFE56}.Debug|Any CPU.Build.0 = Debug|Any CPU
		{AB33EE36-86A7-4249-942A-B4B7BBCCFE56}.Release|Any CPU.ActiveCfg = Release|Any CPU
		{AB33EE36-86A7-4249-942A-B4B7BBCCFE56}.Release|Any CPU.Build.0 = Release|Any CPU
		{E409AEE5-B3E7-4B0F-AEA7-AE27E8034D37}.Debug|Any CPU.ActiveCfg = Debug|Any CPU
		{E409AEE5-B3E7-4B0F-AEA7-AE27E8034D37}.Debug|Any CPU.Build.0 = Debug|Any CPU
		{E409AEE5-B3E7-4B0F-AEA7-AE27E8034D37}.Release|Any CPU.ActiveCfg = Release|Any CPU
		{E409AEE5-B3E7-4B0F-AEA7-AE27E8034D37}.Release|Any CPU.Build.0 = Release|Any CPU
	EndGlobalSection
	GlobalSection(SolutionProperties) = preSolution
		HideSolutionNode = FALSE
	EndGlobalSection
	GlobalSection(ExtensibilityGlobals) = postSolution
		SolutionGuid = {C048DC12-DDBB-4FE6-BE55-79431603A942}
	EndGlobalSection
EndGlobal
