
Microsoft Visual Studio Solution File, Format Version 12.00
# Visual Studio Version 17
VisualStudioVersion = 17.3.32819.101
MinimumVisualStudioVersion = 10.0.40219.1
Project("{FAE04EC0-301F-11D3-BF4B-00C04F79EFBC}") = "Tarea1", "Tarea1\Tarea1.csproj", "{1F96D8BD-709B-442C-8E0A-7E1FE0B6E9DC}"
EndProject
Global
	GlobalSection(SolutionConfigurationPlatforms) = preSolution
		Debug|Any CPU = Debug|Any CPU
		Release|Any CPU = Release|Any CPU
	EndGlobalSection
	GlobalSection(ProjectConfigurationPlatforms) = postSolution
		{1F96D8BD-709B-442C-8E0A-7E1FE0B6E9DC}.Debug|Any CPU.ActiveCfg = Debug|Any CPU
		{1F96D8BD-709B-442C-8E0A-7E1FE0B6E9DC}.Debug|Any CPU.Build.0 = Debug|Any CPU
		{1F96D8BD-709B-442C-8E0A-7E1FE0B6E9DC}.Release|Any CPU.ActiveCfg = Release|Any CPU
		{1F96D8BD-709B-442C-8E0A-7E1FE0B6E9DC}.Release|Any CPU.Build.0 = Release|Any CPU
	EndGlobalSection
	GlobalSection(SolutionProperties) = preSolution
		HideSolutionNode = FALSE
	EndGlobalSection
	GlobalSection(ExtensibilityGlobals) = postSolution
		SolutionGuid = {C28682F3-6BAB-4B7B-B956-008E0F461615}
	EndGlobalSection
EndGlobal
